
Microsoft Visual Studio Solution File, Format Version 12.00
# Visual Studio Version 16
VisualStudioVersion = 16.0.29020.237
MinimumVisualStudioVersion = 10.0.40219.1
Project("{FAE04EC0-301F-11D3-BF4B-00C04F79EFBC}") = "UNIVERSIDAD", "UNIVERSIDAD\UNIVERSIDAD.csproj", "{07995362-CC40-4E46-8232-EFDC0E904862}"
EndProject
Global
	GlobalSection(SolutionConfigurationPlatforms) = preSolution
		Debug|Any CPU = Debug|Any CPU
		Release|Any CPU = Release|Any CPU
	EndGlobalSection
	GlobalSection(ProjectConfigurationPlatforms) = postSolution
		{07995362-CC40-4E46-8232-EFDC0E904862}.Debug|Any CPU.ActiveCfg = Debug|Any CPU
		{07995362-CC40-4E46-8232-EFDC0E904862}.Debug|Any CPU.Build.0 = Debug|Any CPU
		{07995362-CC40-4E46-8232-EFDC0E904862}.Release|Any CPU.ActiveCfg = Release|Any CPU
		{07995362-CC40-4E46-8232-EFDC0E904862}.Release|Any CPU.Build.0 = Release|Any CPU
	EndGlobalSection
	GlobalSection(SolutionProperties) = preSolution
		HideSolutionNode = FALSE
	EndGlobalSection
	GlobalSection(ExtensibilityGlobals) = postSolution
		SolutionGuid = {1448BC11-6C06-4BBC-82BF-FED58C748AEC}
	EndGlobalSection
EndGlobal
